{
  "name": "mua-category-analysis",
  "version": "1.0.0",
  "lockfileVersion": 1,
  "requires": true,
  "dependencies": {
    "jquery": {
      "version": "3.2.1",
      "resolved": "https://registry.npmjs.org/jquery/-/jquery-3.2.1.tgz",
      "integrity": "sha1-XE2d5lKvbNCncBVKYxu6ErAVx4c=",
      "dev": true
    },
    "papaparse": {
      "version": "4.3.3",
      "resolved": "https://registry.npmjs.org/papaparse/-/papaparse-4.3.3.tgz",
      "integrity": "sha1-cW7NW4dtDk8nSyTZSPoPjtovcr4="
    }
  }
}
